
Microsoft Visual Studio Solution File, Format Version 12.00
# Visual Studio Version 16
VisualStudioVersion = 16.0.30804.86
MinimumVisualStudioVersion = 10.0.40219.1
Project("{2150E333-8FDC-42A3-9474-1A3956D46DE8}") = "Feature", "Feature", "{17DD5718-6E13-4F2C-9738-B410396D4552}"
EndProject
Project("{2150E333-8FDC-42A3-9474-1A3956D46DE8}") = "Foundation", "Foundation", "{4FDA1DCD-D33E-447E-91C1-F4AE818E2CF0}"
EndProject
Project("{2150E333-8FDC-42A3-9474-1A3956D46DE8}") = "Project", "Project", "{15D97D61-D597-42EC-B7E9-E9EC8130E630}"
EndProject
Project("{2150E333-8FDC-42A3-9474-1A3956D46DE8}") = "_Solution", "_Solution", "{ADCA10F7-A1D2-407B-8074-60418168C02E}"
	ProjectSection(SolutionItems) = preProject
		.editorconfig = .editorconfig
		.gitattributes = .gitattributes
		.gitignore = .gitignore
		Directory.build.props = Directory.build.props
		Directory.build.targets = Directory.build.targets
		Docker.pubxml = Docker.pubxml
		nuget.config = nuget.config
		Packages.props = Packages.props
		README.md = README.md
	EndProjectSection
EndProject
Project("{2150E333-8FDC-42A3-9474-1A3956D46DE8}") = "_Docker", "_Docker", "{7A261AC4-6FD2-4E54-9DBE-82D78601A150}"
	ProjectSection(SolutionItems) = preProject
		docker\.env = docker\.env
		docker\docker-compose.override.yml = docker\docker-compose.override.yml
		docker\docker-compose.yml = docker\docker-compose.yml
	EndProjectSection
EndProject
Project("{2150E333-8FDC-42A3-9474-1A3956D46DE8}") = "SpeedoDemo", "SpeedoDemo", "{167D1F3B-3F14-4A4D-8782-C68411E7DC77}"
EndProject
Project("{2150E333-8FDC-42A3-9474-1A3956D46DE8}") = "Environment", "Environment", "{8309A347-7109-4048-9F12-BDAD7A94483D}"
EndProject
Project("{FAE04EC0-301F-11D3-BF4B-00C04F79EFBC}") = "Speedo.Environment.Sitecore", "src\Environment\sitecore\Speedo.Environment.Sitecore.csproj", "{2424E8B4-0111-4306-9603-0D2702EA60C5}"
EndProject
Project("{FAE04EC0-301F-11D3-BF4B-00C04F79EFBC}") = "Speedo.Project.SpeedoDemo.Sitecore", "src\Project\SpeedoDemo\sitecore\Speedo.Project.SpeedoDemo.Sitecore.csproj", "{AD9A7A76-AAE5-4336-9E8F-8327498845D1}"
EndProject
Project("{9A19103F-16F7-4668-BE54-9A1E7A4F7556}") = "Speedo.Project.SpeedoDemo.Rendering", "src\Project\SpeedoDemo\rendering\Speedo.Project.SpeedoDemo.Rendering.csproj", "{536DC3CC-B857-40B4-8FA3-F7A290CB5BFB}"
EndProject
Project("{FAE04EC0-301F-11D3-BF4B-00C04F79EFBC}") = "Speedo.Feature.SitecorePublisher", "src\Feature\SitecorePublisher\sitecore\Speedo.Feature.SitecorePublisher.csproj", "{6177505A-1C77-4954-8425-3D7D22E74F33}"
EndProject
Project("{9A19103F-16F7-4668-BE54-9A1E7A4F7556}") = "Speedo.Foundation.RequestHandler.Rendering", "src\Foundation\Speedo.Foundation.RequestHandler.Rendering\Speedo.Foundation.RequestHandler.Rendering.csproj", "{E228D30C-B47F-4ECC-9998-2E6128C80E9A}"
EndProject
Project("{9A19103F-16F7-4668-BE54-9A1E7A4F7556}") = "Speedo.Feature.ContentComponents.Rendering", "src\Feature\ContentComponents\rendering\Speedo.Feature.ContentComponents.Rendering.csproj", "{E563ABBE-FB80-4EBB-9397-3F86A58D636F}"
EndProject
Project("{FAE04EC0-301F-11D3-BF4B-00C04F79EFBC}") = "Speedo.Feature.ICanHazDadJokeProvider", "src\Feature\ICanHazDadJokeProvider\sitecore\Speedo.Feature.ICanHazDadJokeProvider.csproj", "{A72280CE-C6E7-4AAC-9209-C1E21FD1501F}"
EndProject
Global
	GlobalSection(SolutionConfigurationPlatforms) = preSolution
		Debug|Any CPU = Debug|Any CPU
		Release|Any CPU = Release|Any CPU
	EndGlobalSection
	GlobalSection(ProjectConfigurationPlatforms) = postSolution
		{2424E8B4-0111-4306-9603-0D2702EA60C5}.Debug|Any CPU.ActiveCfg = Debug|Any CPU
		{2424E8B4-0111-4306-9603-0D2702EA60C5}.Debug|Any CPU.Build.0 = Debug|Any CPU
		{2424E8B4-0111-4306-9603-0D2702EA60C5}.Release|Any CPU.ActiveCfg = Release|Any CPU
		{2424E8B4-0111-4306-9603-0D2702EA60C5}.Release|Any CPU.Build.0 = Release|Any CPU
		{AD9A7A76-AAE5-4336-9E8F-8327498845D1}.Debug|Any CPU.ActiveCfg = Debug|Any CPU
		{AD9A7A76-AAE5-4336-9E8F-8327498845D1}.Debug|Any CPU.Build.0 = Debug|Any CPU
		{AD9A7A76-AAE5-4336-9E8F-8327498845D1}.Release|Any CPU.ActiveCfg = Release|Any CPU
		{AD9A7A76-AAE5-4336-9E8F-8327498845D1}.Release|Any CPU.Build.0 = Release|Any CPU
		{536DC3CC-B857-40B4-8FA3-F7A290CB5BFB}.Debug|Any CPU.ActiveCfg = Debug|Any CPU
		{536DC3CC-B857-40B4-8FA3-F7A290CB5BFB}.Debug|Any CPU.Build.0 = Debug|Any CPU
		{536DC3CC-B857-40B4-8FA3-F7A290CB5BFB}.Release|Any CPU.ActiveCfg = Release|Any CPU
		{536DC3CC-B857-40B4-8FA3-F7A290CB5BFB}.Release|Any CPU.Build.0 = Release|Any CPU
		{6177505A-1C77-4954-8425-3D7D22E74F33}.Debug|Any CPU.ActiveCfg = Debug|Any CPU
		{6177505A-1C77-4954-8425-3D7D22E74F33}.Debug|Any CPU.Build.0 = Debug|Any CPU
		{6177505A-1C77-4954-8425-3D7D22E74F33}.Release|Any CPU.ActiveCfg = Release|Any CPU
		{6177505A-1C77-4954-8425-3D7D22E74F33}.Release|Any CPU.Build.0 = Release|Any CPU
		{E228D30C-B47F-4ECC-9998-2E6128C80E9A}.Debug|Any CPU.ActiveCfg = Debug|Any CPU
		{E228D30C-B47F-4ECC-9998-2E6128C80E9A}.Debug|Any CPU.Build.0 = Debug|Any CPU
		{E228D30C-B47F-4ECC-9998-2E6128C80E9A}.Release|Any CPU.ActiveCfg = Release|Any CPU
		{E228D30C-B47F-4ECC-9998-2E6128C80E9A}.Release|Any CPU.Build.0 = Release|Any CPU
		{E563ABBE-FB80-4EBB-9397-3F86A58D636F}.Debug|Any CPU.ActiveCfg = Debug|Any CPU
		{E563ABBE-FB80-4EBB-9397-3F86A58D636F}.Debug|Any CPU.Build.0 = Debug|Any CPU
		{E563ABBE-FB80-4EBB-9397-3F86A58D636F}.Release|Any CPU.ActiveCfg = Release|Any CPU
		{E563ABBE-FB80-4EBB-9397-3F86A58D636F}.Release|Any CPU.Build.0 = Release|Any CPU
		{A72280CE-C6E7-4AAC-9209-C1E21FD1501F}.Debug|Any CPU.ActiveCfg = Debug|Any CPU
		{A72280CE-C6E7-4AAC-9209-C1E21FD1501F}.Debug|Any CPU.Build.0 = Debug|Any CPU
		{A72280CE-C6E7-4AAC-9209-C1E21FD1501F}.Release|Any CPU.ActiveCfg = Release|Any CPU
		{A72280CE-C6E7-4AAC-9209-C1E21FD1501F}.Release|Any CPU.Build.0 = Release|Any CPU
	EndGlobalSection
	GlobalSection(SolutionProperties) = preSolution
		HideSolutionNode = FALSE
	EndGlobalSection
	GlobalSection(NestedProjects) = preSolution
		{167D1F3B-3F14-4A4D-8782-C68411E7DC77} = {15D97D61-D597-42EC-B7E9-E9EC8130E630}
		{2424E8B4-0111-4306-9603-0D2702EA60C5} = {8309A347-7109-4048-9F12-BDAD7A94483D}
		{AD9A7A76-AAE5-4336-9E8F-8327498845D1} = {167D1F3B-3F14-4A4D-8782-C68411E7DC77}
		{536DC3CC-B857-40B4-8FA3-F7A290CB5BFB} = {167D1F3B-3F14-4A4D-8782-C68411E7DC77}
		{6177505A-1C77-4954-8425-3D7D22E74F33} = {17DD5718-6E13-4F2C-9738-B410396D4552}
		{E228D30C-B47F-4ECC-9998-2E6128C80E9A} = {4FDA1DCD-D33E-447E-91C1-F4AE818E2CF0}
		{E563ABBE-FB80-4EBB-9397-3F86A58D636F} = {17DD5718-6E13-4F2C-9738-B410396D4552}
		{A72280CE-C6E7-4AAC-9209-C1E21FD1501F} = {17DD5718-6E13-4F2C-9738-B410396D4552}
	EndGlobalSection
	GlobalSection(ExtensibilityGlobals) = postSolution
		SolutionGuid = {311DA37D-528B-43B2-A99B-E7253F841D46}
	EndGlobalSection
EndGlobal
